{
  "originHash" : "af6e3af5c8a6bda8e46b4346dfd6015abbf102aa84d21ec3e850a6216629246c",
  "pins" : [
    {
      "identity" : "corenetworking",
      "kind" : "remoteSourceControl",
      "location" : "https://github.com/hiramvazquez/CoreNetworking.git",
      "state" : {
        "branch" : "main",
        "revision" : "8a5294e2eb398021701fb6741b499a5a292cb39a"
      }
    }
  ],
  "version" : 3
}
