{
  "originHash" : "ddbd4be96f810512e55f93649e01d5e381387a0750e6134e2a097981e1db7248",
  "pins" : [
    {
      "identity" : "corenetworking",
      "kind" : "remoteSourceControl",
      "location" : "https://github.com/hiramvazquez/CoreNetworking.git",
      "state" : {
        "branch" : "main",
        "revision" : "8a5294e2eb398021701fb6741b499a5a292cb39a"
      }
    }
  ],
  "version" : 3
}
